
Microsoft Visual Studio Solution File, Format Version 12.00
# Visual Studio Version 17
VisualStudioVersion = 17.5.002.0
MinimumVisualStudioVersion = 10.0.40219.1
Project("{9A19103F-16F7-4668-BE54-9A1E7A4F7556}") = "MySolution", "MySolution.csproj", "{9621FD54-4682-422A-8B94-7268952E17DD}"
EndProject
Global
	GlobalSection(SolutionConfigurationPlatforms) = preSolution
		Debug|Any CPU = Debug|Any CPU
		Release|Any CPU = Release|Any CPU
	EndGlobalSection
	GlobalSection(ProjectConfigurationPlatforms) = postSolution
		{9621FD54-4682-422A-8B94-7268952E17DD}.Debug|Any CPU.ActiveCfg = Debug|Any CPU
		{9621FD54-4682-422A-8B94-7268952E17DD}.Debug|Any CPU.Build.0 = Debug|Any CPU
		{9621FD54-4682-422A-8B94-7268952E17DD}.Release|Any CPU.ActiveCfg = Release|Any CPU
		{9621FD54-4682-422A-8B94-7268952E17DD}.Release|Any CPU.Build.0 = Release|Any CPU
	EndGlobalSection
	GlobalSection(SolutionProperties) = preSolution
		HideSolutionNode = FALSE
	EndGlobalSection
	GlobalSection(ExtensibilityGlobals) = postSolution
		SolutionGuid = {FB60C71A-84BE-4B4A-B344-88D7D610B61E}
	EndGlobalSection
EndGlobal
